{
  "lockfileVersion": 1,
  "configVersion": 1,
  "workspaces": {
    "": {
      "name": "@0xd49daa/ipfs-storage",
      "dependencies": {
        "@0xd49daa/safecrypt": "npm:@jsr/0xd49daa__safecrypt",
        "@bufbuild/protobuf": "^2.2.3",
        "@ipld/car": "^5.3.3",
        "@ipld/dag-pb": "^4.1.5",
        "@ipld/unixfs": "^3.0.0",
        "@scure/base": "^1.2.1",
        "multiformats": "^13.3.1",
      },
      "devDependencies": {
        "@bufbuild/buf": "^1.61.0",
        "@bufbuild/protoc-gen-es": "^2.10.1",
        "@types/bun": "latest",
        "typescript": "^5.7.2",
      },
    },
  },
  "packages": {
    "@0xd49daa/safecrypt": ["@jsr/0xd49daa__safecrypt@0.1.4", "https://npm.jsr.io/~/11/@jsr/0xd49daa__safecrypt/0.1.4.tgz", { "dependencies": { "@scure/bip39": "1.4.0", "libsodium-wrappers": "0.7.15" } }, "sha512-Job+wLr7VKt8BkiIo7PXu4jxFv3ULcCi0zI5+n+qftUnZctXRF1nY3482fPJpLOf8JyR6ApMWx8K1V8snOSJHg=="],

    "@bufbuild/buf": ["@bufbuild/buf@1.61.0", "", { "optionalDependencies": { "@bufbuild/buf-darwin-arm64": "1.61.0", "@bufbuild/buf-darwin-x64": "1.61.0", "@bufbuild/buf-linux-aarch64": "1.61.0", "@bufbuild/buf-linux-armv7": "1.61.0", "@bufbuild/buf-linux-x64": "1.61.0", "@bufbuild/buf-win32-arm64": "1.61.0", "@bufbuild/buf-win32-x64": "1.61.0" }, "bin": { "buf": "bin/buf", "protoc-gen-buf-lint": "bin/protoc-gen-buf-lint", "protoc-gen-buf-breaking": "bin/protoc-gen-buf-breaking" } }, "sha512-9kKZK/GjhIDUj50pngmjtC6bGFl6U1rFDH2gZJATRfp2vNnQPsb6BqZ+2lea37bgHBYdAYttlve8wnXszXmftA=="],

    "@bufbuild/buf-darwin-arm64": ["@bufbuild/buf-darwin-arm64@1.61.0", "", { "os": "darwin", "cpu": "arm64" }, "sha512-8vUGNV65LNPp+HT3NuCT9i/mCUEyLrSFctJ2Dz8JqnUu8fVPm4f8lVBSCT0TYLoQ8o8xb/A7bwWu14aKfXxgCg=="],

    "@bufbuild/buf-darwin-x64": ["@bufbuild/buf-darwin-x64@1.61.0", "", { "os": "darwin", "cpu": "x64" }, "sha512-dyJghwTYXT6e/Ec+2iPWijquTzyT+5vTItX4R7hM/soNQOs4eEo2z7EHLqvclHyi7+p7+8xye3z+BFM33ucM8A=="],

    "@bufbuild/buf-linux-aarch64": ["@bufbuild/buf-linux-aarch64@1.61.0", "", { "os": "linux", "cpu": "arm64" }, "sha512-9r5DRqwpq3WX0ltzt1p/Oe+8g679Fg4XJLaH/zmjqpwHVO+tNzYy7PHK4qWg83PCoANw6OVizl+iTmnE0vbklg=="],

    "@bufbuild/buf-linux-armv7": ["@bufbuild/buf-linux-armv7@1.61.0", "", { "os": "linux", "cpu": "arm" }, "sha512-P2cSlzu68omZ6kyijMcYezZJFS4XayfLA0ATm1HP0zUaV+xVoeMOGhKvMWUFAa9SGYUs4Drxi2fyK/c2ZFA8sw=="],

    "@bufbuild/buf-linux-x64": ["@bufbuild/buf-linux-x64@1.61.0", "", { "os": "linux", "cpu": "x64" }, "sha512-USDSLB0vkrR6Sk/VDtECLdOKHfynenCjnAchr9bdqC137IVJT7TVT8JhBW0UWMmXDZYjwbDrBLITwWj8hwk6Uw=="],

    "@bufbuild/buf-win32-arm64": ["@bufbuild/buf-win32-arm64@1.61.0", "", { "os": "win32", "cpu": "arm64" }, "sha512-36n90c0lzhDMXRKhht8XreUCha4OTY7yR6g+bnkAFUXSbCbR3BpqrenWvl5NBtfX2Y70dmvjKnGwVanSIrb1uA=="],

    "@bufbuild/buf-win32-x64": ["@bufbuild/buf-win32-x64@1.61.0", "", { "os": "win32", "cpu": "x64" }, "sha512-uBIU7tQlCBPyoeJZH0NzL6y9Y4ikje4OlgHYGssbaPLsCKELSFDHQkHFabkwnVeXSUf9Intq+U3jtb+qOIlflw=="],

    "@bufbuild/protobuf": ["@bufbuild/protobuf@2.10.2", "", {}, "sha512-uFsRXwIGyu+r6AMdz+XijIIZJYpoWeYzILt5yZ2d3mCjQrWUTVpVD9WL/jZAbvp+Ed04rOhrsk7FiTcEDseB5A=="],

    "@bufbuild/protoc-gen-es": ["@bufbuild/protoc-gen-es@2.10.2", "", { "dependencies": { "@bufbuild/protobuf": "2.10.2", "@bufbuild/protoplugin": "2.10.2" }, "bin": { "protoc-gen-es": "bin/protoc-gen-es" } }, "sha512-vbjPsuofbtZwZXuOP7Y16CQsxrwCjuRONffmJSBEhoC7PQu/Cabp0+Fu/poLPm9CNM0tDCQA0xvgobgudaEYxQ=="],

    "@bufbuild/protoplugin": ["@bufbuild/protoplugin@2.10.2", "", { "dependencies": { "@bufbuild/protobuf": "2.10.2", "@typescript/vfs": "^1.6.2", "typescript": "5.4.5" } }, "sha512-RAWVs9tCzRqSS3tUtaFhOcauOAazCrm7tlGh0WHFq/44n5Fj6YgefdlZEPIaAK6VAA+FdOoFgtOJK2Ji5U24pw=="],

    "@ipld/car": ["@ipld/car@5.4.2", "", { "dependencies": { "@ipld/dag-cbor": "^9.0.7", "cborg": "^4.0.5", "multiformats": "^13.0.0", "varint": "^6.0.0" } }, "sha512-gfyrJvePyXnh2Fbj8mPg4JYvEZ3izhk8C9WgAle7xIYbrJNSXmNQ6BxAls8Gof97vvGbCROdxbTWRmHJtTCbcg=="],

    "@ipld/dag-cbor": ["@ipld/dag-cbor@9.2.5", "", { "dependencies": { "cborg": "^4.0.0", "multiformats": "^13.1.0" } }, "sha512-84wSr4jv30biui7endhobYhXBQzQE4c/wdoWlFrKcfiwH+ofaPg8fwsM8okX9cOzkkrsAsNdDyH3ou+kiLquwQ=="],

    "@ipld/dag-pb": ["@ipld/dag-pb@4.1.5", "", { "dependencies": { "multiformats": "^13.1.0" } }, "sha512-w4PZ2yPqvNmlAir7/2hsCRMqny1EY5jj26iZcSgxREJexmbAc2FI21jp26MqiNdfgAxvkCnf2N/TJI18GaDNwA=="],

    "@ipld/unixfs": ["@ipld/unixfs@3.0.0", "", { "dependencies": { "@ipld/dag-pb": "^4.0.0", "@multiformats/murmur3": "^2.1.3", "@perma/map": "^1.0.2", "actor": "^2.3.1", "multiformats": "^13.0.1", "protobufjs": "^7.1.2", "rabin-rs": "^2.1.0" } }, "sha512-Tj3/BPOlnemcZQ2ETIZAO8hqAs9KNzWyX5J9+JCL9jDwvYwjxeYjqJ3v+9DusNvTBmJhZnGVP6ijUHrsuOLp+g=="],

    "@multiformats/murmur3": ["@multiformats/murmur3@2.1.8", "", { "dependencies": { "multiformats": "^13.0.0", "murmurhash3js-revisited": "^3.0.0" } }, "sha512-6vId1C46ra3R1sbJUOFCZnsUIveR9oF20yhPmAFxPm0JfrX3/ZRCgP3YDrBzlGoEppOXnA9czHeYc0T9mB6hbA=="],

    "@noble/hashes": ["@noble/hashes@1.5.0", "", {}, "sha512-1j6kQFb7QRru7eKN3ZDvRcP13rugwdxZqCjbiAVZfIJwgj2A65UmT4TgARXGlXgnRkORLTDTrO19ZErt7+QXgA=="],

    "@perma/map": ["@perma/map@1.0.3", "", { "dependencies": { "@multiformats/murmur3": "^2.1.0", "murmurhash3js-revisited": "^3.0.0" } }, "sha512-Bf5njk0fnJGTFE2ETntq0N1oJ6YdCPIpTDn3R3KYZJQdeYSOCNL7mBrFlGnbqav8YQhJA/p81pvHINX9vAtHkQ=="],

    "@protobufjs/aspromise": ["@protobufjs/aspromise@1.1.2", "", {}, "sha512-j+gKExEuLmKwvz3OgROXtrJ2UG2x8Ch2YZUxahh+s1F2HZ+wAceUNLkvy6zKCPVRkU++ZWQrdxsUeQXmcg4uoQ=="],

    "@protobufjs/base64": ["@protobufjs/base64@1.1.2", "", {}, "sha512-AZkcAA5vnN/v4PDqKyMR5lx7hZttPDgClv83E//FMNhR2TMcLUhfRUBHCmSl0oi9zMgDDqRUJkSxO3wm85+XLg=="],

    "@protobufjs/codegen": ["@protobufjs/codegen@2.0.4", "", {}, "sha512-YyFaikqM5sH0ziFZCN3xDC7zeGaB/d0IUb9CATugHWbd1FRFwWwt4ld4OYMPWu5a3Xe01mGAULCdqhMlPl29Jg=="],

    "@protobufjs/eventemitter": ["@protobufjs/eventemitter@1.1.0", "", {}, "sha512-j9ednRT81vYJ9OfVuXG6ERSTdEL1xVsNgqpkxMsbIabzSo3goCjDIveeGv5d03om39ML71RdmrGNjG5SReBP/Q=="],

    "@protobufjs/fetch": ["@protobufjs/fetch@1.1.0", "", { "dependencies": { "@protobufjs/aspromise": "^1.1.1", "@protobufjs/inquire": "^1.1.0" } }, "sha512-lljVXpqXebpsijW71PZaCYeIcE5on1w5DlQy5WH6GLbFryLUrBD4932W/E2BSpfRJWseIL4v/KPgBFxDOIdKpQ=="],

    "@protobufjs/float": ["@protobufjs/float@1.0.2", "", {}, "sha512-Ddb+kVXlXst9d+R9PfTIxh1EdNkgoRe5tOX6t01f1lYWOvJnSPDBlG241QLzcyPdoNTsblLUdujGSE4RzrTZGQ=="],

    "@protobufjs/inquire": ["@protobufjs/inquire@1.1.0", "", {}, "sha512-kdSefcPdruJiFMVSbn801t4vFK7KB/5gd2fYvrxhuJYg8ILrmn9SKSX2tZdV6V+ksulWqS7aXjBcRXl3wHoD9Q=="],

    "@protobufjs/path": ["@protobufjs/path@1.1.2", "", {}, "sha512-6JOcJ5Tm08dOHAbdR3GrvP+yUUfkjG5ePsHYczMFLq3ZmMkAD98cDgcT2iA1lJ9NVwFd4tH/iSSoe44YWkltEA=="],

    "@protobufjs/pool": ["@protobufjs/pool@1.1.0", "", {}, "sha512-0kELaGSIDBKvcgS4zkjz1PeddatrjYcmMWOlAuAPwAeccUrPHdUqo/J6LiymHHEiJT5NrF1UVwxY14f+fy4WQw=="],

    "@protobufjs/utf8": ["@protobufjs/utf8@1.1.0", "", {}, "sha512-Vvn3zZrhQZkkBE8LSuW3em98c0FwgO4nxzv6OdSxPKJIEKY2bGbHn+mhGIPerzI4twdxaP8/0+06HBpwf345Lw=="],

    "@scure/base": ["@scure/base@1.2.6", "", {}, "sha512-g/nm5FgUa//MCj1gV09zTJTaM6KBAHqLN907YVQqf7zC49+DcO4B1so4ZX07Ef10Twr6nuqYEH9GEggFXA4Fmg=="],

    "@scure/bip39": ["@scure/bip39@1.4.0", "", { "dependencies": { "@noble/hashes": "~1.5.0", "@scure/base": "~1.1.8" } }, "sha512-BEEm6p8IueV/ZTfQLp/0vhw4NPnT9oWf5+28nvmeUICjP99f4vr2d+qc7AVGDDtwRep6ifR43Yed9ERVmiITzw=="],

    "@types/bun": ["@types/bun@1.3.4", "", { "dependencies": { "bun-types": "1.3.4" } }, "sha512-EEPTKXHP+zKGPkhRLv+HI0UEX8/o+65hqARxLy8Ov5rIxMBPNTjeZww00CIihrIQGEQBYg+0roO5qOnS/7boGA=="],

    "@types/node": ["@types/node@25.0.2", "", { "dependencies": { "undici-types": "~7.16.0" } }, "sha512-gWEkeiyYE4vqjON/+Obqcoeffmk0NF15WSBwSs7zwVA2bAbTaE0SJ7P0WNGoJn8uE7fiaV5a7dKYIJriEqOrmA=="],

    "@typescript/vfs": ["@typescript/vfs@1.6.2", "", { "dependencies": { "debug": "^4.1.1" }, "peerDependencies": { "typescript": "*" } }, "sha512-hoBwJwcbKHmvd2QVebiytN1aELvpk9B74B4L1mFm/XT1Q/VOYAWl2vQ9AWRFtQq8zmz6enTpfTV8WRc4ATjW/g=="],

    "actor": ["actor@2.3.1", "", {}, "sha512-ST/3wnvcP2tKDXnum7nLCLXm+/rsf8vPocXH2Fre6D8FQwNkGDd4JEitBlXj007VQJfiGYRQvXqwOBZVi+JtRg=="],

    "bun-types": ["bun-types@1.3.4", "", { "dependencies": { "@types/node": "*" } }, "sha512-5ua817+BZPZOlNaRgGBpZJOSAQ9RQ17pkwPD0yR7CfJg+r8DgIILByFifDTa+IPDDxzf5VNhtNlcKqFzDgJvlQ=="],

    "cborg": ["cborg@4.3.2", "", { "bin": { "cborg": "lib/bin.js" } }, "sha512-l+QzebEAG0vb09YKkaOrMi2zmm80UNjmbvocMIeW5hO7JOXWdrQ/H49yOKfYX0MBgrj/KWgatBnEgRXyNyKD+A=="],

    "debug": ["debug@4.4.3", "", { "dependencies": { "ms": "^2.1.3" } }, "sha512-RGwwWnwQvkVfavKVt22FGLw+xYSdzARwm0ru6DhTVA3umU5hZc28V3kO4stgYryrTlLpuvgI9GiijltAjNbcqA=="],

    "libsodium": ["libsodium@0.7.15", "", {}, "sha512-sZwRknt/tUpE2AwzHq3jEyUU5uvIZHtSssktXq7owd++3CSgn8RGrv6UZJJBpP7+iBghBqe7Z06/2M31rI2NKw=="],

    "libsodium-wrappers": ["libsodium-wrappers@0.7.15", "", { "dependencies": { "libsodium": "^0.7.15" } }, "sha512-E4anqJQwcfiC6+Yrl01C1m8p99wEhLmJSs0VQqST66SbQXXBoaJY0pF4BNjRYa/sOQAxx6lXAaAFIlx+15tXJQ=="],

    "long": ["long@5.3.2", "", {}, "sha512-mNAgZ1GmyNhD7AuqnTG3/VQ26o760+ZYBPKjPvugO8+nLbYfX6TVpJPseBvopbdY+qpZ/lKUnmEc1LeZYS3QAA=="],

    "ms": ["ms@2.1.3", "", {}, "sha512-6FlzubTLZG3J2a/NVCAleEhjzq5oxgHyaCU9yYXvcLsvoVaHJq/s5xXI6/XXP6tz7R9xAOtHnSO/tXtF3WRTlA=="],

    "multiformats": ["multiformats@13.4.2", "", {}, "sha512-eh6eHCrRi1+POZ3dA+Dq1C6jhP1GNtr9CRINMb67OKzqW9I5DUuZM/3jLPlzhgpGeiNUlEGEbkCYChXMCc/8DQ=="],

    "murmurhash3js-revisited": ["murmurhash3js-revisited@3.0.0", "", {}, "sha512-/sF3ee6zvScXMb1XFJ8gDsSnY+X8PbOyjIuBhtgis10W2Jx4ZjIhikUCIF9c4gpJxVnQIsPAFrSwTCuAjicP6g=="],

    "protobufjs": ["protobufjs@7.5.4", "", { "dependencies": { "@protobufjs/aspromise": "^1.1.2", "@protobufjs/base64": "^1.1.2", "@protobufjs/codegen": "^2.0.4", "@protobufjs/eventemitter": "^1.1.0", "@protobufjs/fetch": "^1.1.0", "@protobufjs/float": "^1.0.2", "@protobufjs/inquire": "^1.1.0", "@protobufjs/path": "^1.1.2", "@protobufjs/pool": "^1.1.0", "@protobufjs/utf8": "^1.1.0", "@types/node": ">=13.7.0", "long": "^5.0.0" } }, "sha512-CvexbZtbov6jW2eXAvLukXjXUW1TzFaivC46BpWc/3BpcCysb5Vffu+B3XHMm8lVEuy2Mm4XGex8hBSg1yapPg=="],

    "rabin-rs": ["rabin-rs@2.1.0", "", {}, "sha512-5y72gAXPzIBsAMHcpxZP8eMDuDT98qMP1BqSDHRbHkJJXEgWIN1lA47LxUqzsK6jknOJtgfkQr9v+7qMlFDm6g=="],

    "typescript": ["typescript@5.9.3", "", { "bin": { "tsc": "bin/tsc", "tsserver": "bin/tsserver" } }, "sha512-jl1vZzPDinLr9eUt3J/t7V6FgNEw9QjvBPdysz9KfQDD41fQrC2Y4vKQdiaUpFT4bXlb1RHhLpp8wtm6M5TgSw=="],

    "undici-types": ["undici-types@7.16.0", "", {}, "sha512-Zz+aZWSj8LE6zoxD+xrjh4VfkIG8Ya6LvYkZqtUQGJPZjYl53ypCaUwWqo7eI0x66KBGeRo+mlBEkMSeSZ38Nw=="],

    "varint": ["varint@6.0.0", "", {}, "sha512-cXEIW6cfr15lFv563k4GuVuW/fiwjknytD37jIOLSdSWuOI6WnO/oKwmP2FQTU2l01LP8/M5TSAJpzUaGe3uWg=="],

    "@bufbuild/protoplugin/typescript": ["typescript@5.4.5", "", { "bin": { "tsc": "bin/tsc", "tsserver": "bin/tsserver" } }, "sha512-vcI4UpRgg81oIRUFwR0WSIHKt11nJ7SAVlYNIu+QpqeyXP+gpQJy/Z4+F0aGxSE4MqwjyXvW/TzgkLAx2AGHwQ=="],

    "@scure/bip39/@scure/base": ["@scure/base@1.1.9", "", {}, "sha512-8YKhl8GHiNI/pU2VMaofa2Tor7PJRAjwQLBBuilkJ9L5+13yVbC7JO/wS7piioAvPSwR3JKM1IJ/u4xQzbcXKg=="],
  }
}
